# This file is automatically @generated by Cargo.
# It is not intended for manual editing.
version = 3

[[package]]
name = "addr2line"
version = "0.21.0"
source = "registry+https://github.com/rust-lang/crates.io-index"
checksum = "8a30b2e23b9e17a9f90641c7ab1549cd9b44f296d3ccbf309d2863cfe398a0cb"
dependencies = [
 "gimli",
]

[[package]]
name = "adler"
version = "1.0.2"
source = "registry+https://github.com/rust-lang/crates.io-index"
checksum = "f26201604c87b1e01bd3d98f8d5d9a8fcbb815e8cedb41ffccbeb4bf593a35fe"

[[package]]
name = "aho-corasick"
version = "1.0.5"
source = "registry+https://github.com/rust-lang/crates.io-index"
checksum = "0c378d78423fdad8089616f827526ee33c19f2fddbd5de1629152c9593ba4783"
dependencies = [
 "memchr",
]

[[package]]
name = "anymap2"
version = "0.13.0"
source = "registry+https://github.com/rust-lang/crates.io-index"
checksum = "d301b3b94cb4b2f23d7917810addbbaff90738e0ca2be692bd027e70d7e0330c"

[[package]]
name = "assert_matches"
version = "1.5.0"
source = "registry+https://github.com/rust-lang/crates.io-index"
checksum = "9b34d609dfbaf33d6889b2b7106d3ca345eacad44200913df5ba02bfd31d2ba9"

[[package]]
name = "autocfg"
version = "1.1.0"
source = "registry+https://github.com/rust-lang/crates.io-index"
checksum = "d468802bab17cbc0cc575e9b053f41e72aa36bfa6b7f55e3529ffa43161b97fa"

[[package]]
name = "backtrace"
version = "0.3.69"
source = "registry+https://github.com/rust-lang/crates.io-index"
checksum = "2089b7e3f35b9dd2d0ed921ead4f6d318c27680d4a5bd167b3ee120edb105837"
dependencies = [
 "addr2line",
 "cc",
 "cfg-if",
 "libc",
 "miniz_oxide",
 "object",
 "rustc-demangle",
]

[[package]]
name = "base16ct"
version = "0.2.0"
source = "registry+https://github.com/rust-lang/crates.io-index"
checksum = "4c7f02d4ea65f2c1853089ffd8d2787bdbc63de2f0d29dedbcf8ccdfa0ccd4cf"

[[package]]
name = "base64ct"
version = "1.6.0"
source = "registry+https://github.com/rust-lang/crates.io-index"
checksum = "8c3c1a368f70d6cf7302d78f8f7093da241fb8e8807c05cc9e51a125895a6d5b"

[[package]]
name = "bincode"
version = "1.3.3"
source = "registry+https://github.com/rust-lang/crates.io-index"
checksum = "b1f45e9417d87227c7a56d22e471c6206462cba514c7590c09aff4cf6d1ddcad"
dependencies = [
 "serde",
]

[[package]]
name = "blake2"
version = "0.10.6"
source = "registry+https://github.com/rust-lang/crates.io-index"
checksum = "46502ad458c9a52b69d4d4d32775c788b7a1b85e8bc9d482d92250fc0e3f8efe"
dependencies = [
 "digest",
]

[[package]]
name = "block-buffer"
version = "0.10.4"
source = "registry+https://github.com/rust-lang/crates.io-index"
checksum = "3078c7629b62d3f0439517fa394996acacc5cbc91c5a20d8c658e77abd503a71"
dependencies = [
 "generic-array",
]

[[package]]
name = "boolinator"
version = "2.4.0"
source = "registry+https://github.com/rust-lang/crates.io-index"
checksum = "cfa8873f51c92e232f9bac4065cddef41b714152812bfc5f7672ba16d6ef8cd9"

[[package]]
name = "bumpalo"
version = "3.14.0"
source = "registry+https://github.com/rust-lang/crates.io-index"
checksum = "7f30e7476521f6f8af1a1c4c0b8cc94f0bee37d91763d0ca2665f299b6cd8aec"

[[package]]
name = "byteorder"
version = "1.4.3"
source = "registry+https://github.com/rust-lang/crates.io-index"
checksum = "14c189c53d098945499cdfa7ecc63567cf3886b3332b312a5b4585d8d3a6a610"

[[package]]
name = "bytes"
version = "1.5.0"
source = "registry+https://github.com/rust-lang/crates.io-index"
checksum = "a2bd12c1caf447e69cd4528f47f94d203fd2582878ecb9e9465484c4148a8223"

[[package]]
name = "cc"
version = "1.0.83"
source = "registry+https://github.com/rust-lang/crates.io-index"
checksum = "f1174fb0b6ec23863f8b971027804a42614e347eafb0a95bf0b12cdae21fc4d0"
dependencies = [
 "libc",
]

[[package]]
name = "cfg-if"
version = "1.0.0"
source = "registry+https://github.com/rust-lang/crates.io-index"
checksum = "baf1de4339761588bc0619e3cbc0120ee582ebb74b53b4efbf79117bd2da40fd"

[[package]]
name = "console_error_panic_hook"
version = "0.1.7"
source = "registry+https://github.com/rust-lang/crates.io-index"
checksum = "a06aeb73f470f66dcdbf7223caeebb85984942f22f1adb2a088cf9668146bbbc"
dependencies = [
 "cfg-if",
 "wasm-bindgen",
]

[[package]]
name = "const-oid"
version = "0.9.5"
source = "registry+https://github.com/rust-lang/crates.io-index"
checksum = "28c122c3980598d243d63d9a704629a2d748d101f278052ff068be5a4423ab6f"

[[package]]
name = "cpufeatures"
version = "0.2.9"
source = "registry+https://github.com/rust-lang/crates.io-index"
checksum = "a17b76ff3a4162b0b27f354a0c87015ddad39d35f9c0c36607a3bdd175dde1f1"
dependencies = [
 "libc",
]

[[package]]
name = "crypto-bigint"
version = "0.5.3"
source = "registry+https://github.com/rust-lang/crates.io-index"
checksum = "740fe28e594155f10cfc383984cbefd529d7396050557148f79cb0f621204124"
dependencies = [
 "generic-array",
 "rand_core",
 "subtle",
 "zeroize",
]

[[package]]
name = "crypto-common"
version = "0.1.6"
source = "registry+https://github.com/rust-lang/crates.io-index"
checksum = "1bfb12502f3fc46cca1bb51ac28df9d618d813cdc3d2f25b9fe775a34af26bb3"
dependencies = [
 "generic-array",
 "typenum",
]

[[package]]
name = "curve25519-dalek"
version = "4.1.1"
source = "registry+https://github.com/rust-lang/crates.io-index"
checksum = "e89b8c6a2e4b1f45971ad09761aafb85514a84744b67a95e32c3cc1352d1f65c"
dependencies = [
 "cfg-if",
 "cpufeatures",
 "curve25519-dalek-derive",
 "fiat-crypto",
 "platforms",
 "rustc_version",
 "subtle",
 "zeroize",
]

[[package]]
name = "curve25519-dalek-derive"
version = "0.1.0"
source = "registry+https://github.com/rust-lang/crates.io-index"
checksum = "83fdaf97f4804dcebfa5862639bc9ce4121e82140bec2a987ac5140294865b5b"
dependencies = [
 "proc-macro2",
 "quote",
 "syn 2.0.36",
]

[[package]]
name = "der"
version = "0.7.8"
source = "registry+https://github.com/rust-lang/crates.io-index"
checksum = "fffa369a668c8af7dbf8b5e56c9f744fbd399949ed171606040001947de40b1c"
dependencies = [
 "const-oid",
 "zeroize",
]

[[package]]
name = "digest"
version = "0.10.7"
source = "registry+https://github.com/rust-lang/crates.io-index"
checksum = "9ed9a281f7bc9b7576e61468ba615a66a5c8cfdff42420a70aa82701a3b1e292"
dependencies = [
 "block-buffer",
 "crypto-common",
 "subtle",
]

[[package]]
name = "elastic-elgamal"
version = "0.3.0"
source = "registry+https://github.com/rust-lang/crates.io-index"
checksum = "0c2f6235ee78aaff5a407fe2d886eb8ad4f2a72abe73feca20ecf148711b3c70"
dependencies = [
 "base64ct",
 "curve25519-dalek",
 "elliptic-curve",
 "merlin",
 "rand_chacha",
 "rand_core",
 "serde",
 "sha2",
 "subtle",
 "zeroize",
]

[[package]]
name = "elasticpoll-wasm"
version = "0.0.0"
dependencies = [
 "assert_matches",
 "base64ct",
 "elastic-elgamal",
 "getrandom",
 "gloo-timers 0.3.0",
 "js-sys",
 "merlin",
 "rand",
 "rand_core",
 "regex",
 "secrecy",
 "secret-tree",
 "serde",
 "serde-wasm-bindgen 0.6.1",
 "serde_json",
 "sha2",
 "toml",
 "wasm-bindgen",
 "wasm-bindgen-futures",
 "wasm-bindgen-test",
 "web-sys",
 "yew",
 "yew-router",
]

[[package]]
name = "elliptic-curve"
version = "0.13.6"
source = "registry+https://github.com/rust-lang/crates.io-index"
checksum = "d97ca172ae9dc9f9b779a6e3a65d308f2af74e5b8c921299075bdb4a0370e914"
dependencies = [
 "base16ct",
 "crypto-bigint",
 "ff",
 "generic-array",
 "group",
 "rand_core",
 "sec1",
 "subtle",
 "zeroize",
]

[[package]]
name = "equivalent"
version = "1.0.1"
source = "registry+https://github.com/rust-lang/crates.io-index"
checksum = "5443807d6dff69373d433ab9ef5378ad8df50ca6298caf15de6e52e24aaf54d5"

[[package]]
name = "ff"
version = "0.13.0"
source = "registry+https://github.com/rust-lang/crates.io-index"
checksum = "ded41244b729663b1e574f1b4fb731469f69f79c17667b5d776b16cda0479449"
dependencies = [
 "rand_core",
 "subtle",
]

[[package]]
name = "fiat-crypto"
version = "0.2.1"
source = "registry+https://github.com/rust-lang/crates.io-index"
checksum = "d0870c84016d4b481be5c9f323c24f65e31e901ae618f0e80f4308fb00de1d2d"

[[package]]
name = "fnv"
version = "1.0.7"
source = "registry+https://github.com/rust-lang/crates.io-index"
checksum = "3f9eec918d3f24069decb9af1554cad7c880e2da24a9afd88aca000531ab82c1"

[[package]]
name = "form_urlencoded"
version = "1.2.0"
source = "registry+https://github.com/rust-lang/crates.io-index"
checksum = "a62bc1cf6f830c2ec14a513a9fb124d0a213a629668a4186f329db21fe045652"
dependencies = [
 "percent-encoding",
]

[[package]]
name = "futures"
version = "0.3.28"
source = "registry+https://github.com/rust-lang/crates.io-index"
checksum = "23342abe12aba583913b2e62f22225ff9c950774065e4bfb61a19cd9770fec40"
dependencies = [
 "futures-channel",
 "futures-core",
 "futures-io",
 "futures-sink",
 "futures-task",
 "futures-util",
]

[[package]]
name = "futures-channel"
version = "0.3.28"
source = "registry+https://github.com/rust-lang/crates.io-index"
checksum = "955518d47e09b25bbebc7a18df10b81f0c766eaf4c4f1cccef2fca5f2a4fb5f2"
dependencies = [
 "futures-core",
 "futures-sink",
]

[[package]]
name = "futures-core"
version = "0.3.28"
source = "registry+https://github.com/rust-lang/crates.io-index"
checksum = "4bca583b7e26f571124fe5b7561d49cb2868d79116cfa0eefce955557c6fee8c"

[[package]]
name = "futures-io"
version = "0.3.28"
source = "registry+https://github.com/rust-lang/crates.io-index"
checksum = "4fff74096e71ed47f8e023204cfd0aa1289cd54ae5430a9523be060cdb849964"

[[package]]
name = "futures-macro"
version = "0.3.28"
source = "registry+https://github.com/rust-lang/crates.io-index"
checksum = "89ca545a94061b6365f2c7355b4b32bd20df3ff95f02da9329b34ccc3bd6ee72"
dependencies = [
 "proc-macro2",
 "quote",
 "syn 2.0.36",
]

[[package]]
name = "futures-sink"
version = "0.3.28"
source = "registry+https://github.com/rust-lang/crates.io-index"
checksum = "f43be4fe21a13b9781a69afa4985b0f6ee0e1afab2c6f454a8cf30e2b2237b6e"

[[package]]
name = "futures-task"
version = "0.3.28"
source = "registry+https://github.com/rust-lang/crates.io-index"
checksum = "76d3d132be6c0e6aa1534069c705a74a5997a356c0dc2f86a47765e5617c5b65"

[[package]]
name = "futures-util"
version = "0.3.28"
source = "registry+https://github.com/rust-lang/crates.io-index"
checksum = "26b01e40b772d54cf6c6d721c1d1abd0647a0106a12ecaa1c186273392a69533"
dependencies = [
 "futures-channel",
 "futures-core",
 "futures-io",
 "futures-macro",
 "futures-sink",
 "futures-task",
 "memchr",
 "pin-project-lite",
 "pin-utils",
 "slab",
]

[[package]]
name = "generic-array"
version = "0.14.7"
source = "registry+https://github.com/rust-lang/crates.io-index"
checksum = "85649ca51fd72272d7821adaf274ad91c288277713d9c18820d8499a7ff69e9a"
dependencies = [
 "typenum",
 "version_check",
 "zeroize",
]

[[package]]
name = "getrandom"
version = "0.2.10"
source = "registry+https://github.com/rust-lang/crates.io-index"
checksum = "be4136b2a15dd319360be1c07d9933517ccf0be8f16bf62a3bee4f0d618df427"
dependencies = [
 "cfg-if",
 "libc",
 "wasi",
]

[[package]]
name = "gimli"
version = "0.28.0"
source = "registry+https://github.com/rust-lang/crates.io-index"
checksum = "6fb8d784f27acf97159b40fc4db5ecd8aa23b9ad5ef69cdd136d3bc80665f0c0"

[[package]]
name = "gloo"
version = "0.8.1"
source = "registry+https://github.com/rust-lang/crates.io-index"
checksum = "28999cda5ef6916ffd33fb4a7b87e1de633c47c0dc6d97905fee1cdaa142b94d"
dependencies = [
 "gloo-console 0.2.3",
 "gloo-dialogs 0.1.1",
 "gloo-events 0.1.2",
 "gloo-file 0.2.3",
 "gloo-history 0.1.5",
 "gloo-net 0.3.1",
 "gloo-render 0.1.1",
 "gloo-storage 0.2.2",
 "gloo-timers 0.2.6",
 "gloo-utils 0.1.7",
 "gloo-worker 0.2.1",
]

[[package]]
name = "gloo"
version = "0.10.0"
source = "registry+https://github.com/rust-lang/crates.io-index"
checksum = "cd35526c28cc55c1db77aed6296de58677dbab863b118483a27845631d870249"
dependencies = [
 "gloo-console 0.3.0",
 "gloo-dialogs 0.2.0",
 "gloo-events 0.2.0",
 "gloo-file 0.3.0",
 "gloo-history 0.2.0",
 "gloo-net 0.4.0",
 "gloo-render 0.2.0",
 "gloo-storage 0.3.0",
 "gloo-timers 0.3.0",
 "gloo-utils 0.2.0",
 "gloo-worker 0.4.1",
]

[[package]]
name = "gloo-console"
version = "0.2.3"
source = "registry+https://github.com/rust-lang/crates.io-index"
checksum = "82b7ce3c05debe147233596904981848862b068862e9ec3e34be446077190d3f"
dependencies = [
 "gloo-utils 0.1.7",
 "js-sys",
 "serde",
 "wasm-bindgen",
 "web-sys",
]

[[package]]
name = "gloo-console"
version = "0.3.0"
source = "registry+https://github.com/rust-lang/crates.io-index"
checksum = "2a17868f56b4a24f677b17c8cb69958385102fa879418052d60b50bc1727e261"
dependencies = [
 "gloo-utils 0.2.0",
 "js-sys",
 "serde",
 "wasm-bindgen",
 "web-sys",
]

[[package]]
name = "gloo-dialogs"
version = "0.1.1"
source = "registry+https://github.com/rust-lang/crates.io-index"
checksum = "67062364ac72d27f08445a46cab428188e2e224ec9e37efdba48ae8c289002e6"
dependencies = [
 "wasm-bindgen",
 "web-sys",
]

[[package]]
name = "gloo-dialogs"
version = "0.2.0"
source = "registry+https://github.com/rust-lang/crates.io-index"
checksum = "bf4748e10122b01435750ff530095b1217cf6546173459448b83913ebe7815df"
dependencies = [
 "wasm-bindgen",
 "web-sys",
]

[[package]]
name = "gloo-events"
version = "0.1.2"
source = "registry+https://github.com/rust-lang/crates.io-index"
checksum = "68b107f8abed8105e4182de63845afcc7b69c098b7852a813ea7462a320992fc"
dependencies = [
 "wasm-bindgen",
 "web-sys",
]

[[package]]
name = "gloo-events"
version = "0.2.0"
source = "registry+https://github.com/rust-lang/crates.io-index"
checksum = "27c26fb45f7c385ba980f5fa87ac677e363949e065a083722697ef1b2cc91e41"
dependencies = [
 "wasm-bindgen",
 "web-sys",
]

[[package]]
name = "gloo-file"
version = "0.2.3"
source = "registry+https://github.com/rust-lang/crates.io-index"
checksum = "a8d5564e570a38b43d78bdc063374a0c3098c4f0d64005b12f9bbe87e869b6d7"
dependencies = [
 "gloo-events 0.1.2",
 "js-sys",
 "wasm-bindgen",
 "web-sys",
]

[[package]]
name = "gloo-file"
version = "0.3.0"
source = "registry+https://github.com/rust-lang/crates.io-index"
checksum = "97563d71863fb2824b2e974e754a81d19c4a7ec47b09ced8a0e6656b6d54bd1f"
dependencies = [
 "futures-channel",
 "gloo-events 0.2.0",
 "js-sys",
 "wasm-bindgen",
 "web-sys",
]

[[package]]
name = "gloo-history"
version = "0.1.5"
source = "registry+https://github.com/rust-lang/crates.io-index"
checksum = "85725d90bf0ed47063b3930ef28e863658a7905989e9929a8708aab74a1d5e7f"
dependencies = [
 "gloo-events 0.1.2",
 "gloo-utils 0.1.7",
 "serde",
 "serde-wasm-bindgen 0.5.0",
 "serde_urlencoded",
 "thiserror",
 "wasm-bindgen",
 "web-sys",
]

[[package]]
name = "gloo-history"
version = "0.2.0"
source = "registry+https://github.com/rust-lang/crates.io-index"
checksum = "91be9f3dd048f35a59c8de3d716ef6d568360078c73ed35a7700776ed53153c8"
dependencies = [
 "gloo-events 0.2.0",
 "gloo-utils 0.2.0",
 "serde",
 "serde-wasm-bindgen 0.5.0",
 "serde_urlencoded",
 "thiserror",
 "wasm-bindgen",
 "web-sys",
]

[[package]]
name = "gloo-net"
version = "0.3.1"
source = "registry+https://github.com/rust-lang/crates.io-index"
checksum = "a66b4e3c7d9ed8d315fd6b97c8b1f74a7c6ecbbc2320e65ae7ed38b7068cc620"
dependencies = [
 "futures-channel",
 "futures-core",
 "futures-sink",
 "gloo-utils 0.1.7",
 "http",
 "js-sys",
 "pin-project",
 "serde",
 "serde_json",
 "thiserror",
 "wasm-bindgen",
 "wasm-bindgen-futures",
 "web-sys",
]

[[package]]
name = "gloo-net"
version = "0.4.0"
source = "registry+https://github.com/rust-lang/crates.io-index"
checksum = "8ac9e8288ae2c632fa9f8657ac70bfe38a1530f345282d7ba66a1f70b72b7dc4"
dependencies = [
 "futures-channel",
 "futures-core",
 "futures-sink",
 "gloo-utils 0.2.0",
 "http",
 "js-sys",
 "pin-project",
 "serde",
 "serde_json",
 "thiserror",
 "wasm-bindgen",
 "wasm-bindgen-futures",
 "web-sys",
]

[[package]]
name = "gloo-render"
version = "0.1.1"
source = "registry+https://github.com/rust-lang/crates.io-index"
checksum = "2fd9306aef67cfd4449823aadcd14e3958e0800aa2183955a309112a84ec7764"
dependencies = [
 "wasm-bindgen",
 "web-sys",
]

[[package]]
name = "gloo-render"
version = "0.2.0"
source = "registry+https://github.com/rust-lang/crates.io-index"
checksum = "56008b6744713a8e8d98ac3dcb7d06543d5662358c9c805b4ce2167ad4649833"
dependencies = [
 "wasm-bindgen",
 "web-sys",
]

[[package]]
name = "gloo-storage"
version = "0.2.2"
source = "registry+https://github.com/rust-lang/crates.io-index"
checksum = "5d6ab60bf5dbfd6f0ed1f7843da31b41010515c745735c970e821945ca91e480"
dependencies = [
 "gloo-utils 0.1.7",
 "js-sys",
 "serde",
 "serde_json",
 "thiserror",
 "wasm-bindgen",
 "web-sys",
]

[[package]]
name = "gloo-storage"
version = "0.3.0"
source = "registry+https://github.com/rust-lang/crates.io-index"
checksum = "fbc8031e8c92758af912f9bc08fbbadd3c6f3cfcbf6b64cdf3d6a81f0139277a"
dependencies = [
 "gloo-utils 0.2.0",
 "js-sys",
 "serde",
 "serde_json",
 "thiserror",
 "wasm-bindgen",
 "web-sys",
]

[[package]]
name = "gloo-timers"
version = "0.2.6"
source = "registry+https://github.com/rust-lang/crates.io-index"
checksum = "9b995a66bb87bebce9a0f4a95aed01daca4872c050bfcb21653361c03bc35e5c"
dependencies = [
 "js-sys",
 "wasm-bindgen",
]

[[package]]
name = "gloo-timers"
version = "0.3.0"
source = "registry+https://github.com/rust-lang/crates.io-index"
checksum = "bbb143cf96099802033e0d4f4963b19fd2e0b728bcf076cd9cf7f6634f092994"
dependencies = [
 "futures-channel",
 "futures-core",
 "js-sys",
 "wasm-bindgen",
]

[[package]]
name = "gloo-utils"
version = "0.1.7"
source = "registry+https://github.com/rust-lang/crates.io-index"
checksum = "037fcb07216cb3a30f7292bd0176b050b7b9a052ba830ef7d5d65f6dc64ba58e"
dependencies = [
 "js-sys",
 "serde",
 "serde_json",
 "wasm-bindgen",
 "web-sys",
]

[[package]]
name = "gloo-utils"
version = "0.2.0"
source = "registry+https://github.com/rust-lang/crates.io-index"
checksum = "0b5555354113b18c547c1d3a98fbf7fb32a9ff4f6fa112ce823a21641a0ba3aa"
dependencies = [
 "js-sys",
 "serde",
 "serde_json",
 "wasm-bindgen",
 "web-sys",
]

[[package]]
name = "gloo-worker"
version = "0.2.1"
source = "registry+https://github.com/rust-lang/crates.io-index"
checksum = "13471584da78061a28306d1359dd0178d8d6fc1c7c80e5e35d27260346e0516a"
dependencies = [
 "anymap2",
 "bincode",
 "gloo-console 0.2.3",
 "gloo-utils 0.1.7",
 "js-sys",
 "serde",
 "wasm-bindgen",
 "wasm-bindgen-futures",
 "web-sys",
]

[[package]]
name = "gloo-worker"
version = "0.4.1"
source = "registry+https://github.com/rust-lang/crates.io-index"
checksum = "f2cbd4c35cc3a2b1fb792318acc06bd514193f6d058173da5cdbcdabe6514303"
dependencies = [
 "bincode",
 "futures",
 "gloo-utils 0.2.0",
 "gloo-worker-macros",
 "js-sys",
 "pinned",
 "serde",
 "thiserror",
 "wasm-bindgen",
 "wasm-bindgen-futures",
 "web-sys",
]

[[package]]
name = "gloo-worker-macros"
version = "0.1.0"
source = "registry+https://github.com/rust-lang/crates.io-index"
checksum = "956caa58d4857bc9941749d55e4bd3000032d8212762586fa5705632967140e7"
dependencies = [
 "proc-macro-crate",
 "proc-macro2",
 "quote",
 "syn 2.0.36",
]

[[package]]
name = "group"
version = "0.13.0"
source = "registry+https://github.com/rust-lang/crates.io-index"
checksum = "f0f9ef7462f7c099f518d754361858f86d8a07af53ba9af0fe635bbccb151a63"
dependencies = [
 "ff",
 "rand_core",
 "subtle",
]

[[package]]
name = "hashbrown"
version = "0.14.0"
source = "registry+https://github.com/rust-lang/crates.io-index"
checksum = "2c6201b9ff9fd90a5a3bac2e56a830d0caa509576f0e503818ee82c181b3437a"

[[package]]
name = "hermit-abi"
version = "0.3.2"
source = "registry+https://github.com/rust-lang/crates.io-index"
checksum = "443144c8cdadd93ebf52ddb4056d257f5b52c04d3c804e657d19eb73fc33668b"

[[package]]
name = "http"
version = "0.2.9"
source = "registry+https://github.com/rust-lang/crates.io-index"
checksum = "bd6effc99afb63425aff9b05836f029929e345a6148a14b7ecd5ab67af944482"
dependencies = [
 "bytes",
 "fnv",
 "itoa",
]

[[package]]
name = "implicit-clone"
version = "0.4.1"
source = "registry+https://github.com/rust-lang/crates.io-index"
checksum = "af3d77000817fd9e7db159e8d52ed9b5941a2cdbfbdc8ca646e59887ae2b2dd1"
dependencies = [
 "indexmap",
]

[[package]]
name = "indexmap"
version = "2.0.0"
source = "registry+https://github.com/rust-lang/crates.io-index"
checksum = "d5477fe2230a79769d8dc68e0eabf5437907c0457a5614a9e8dddb67f65eb65d"
dependencies = [
 "equivalent",
 "hashbrown",
]

[[package]]
name = "itoa"
version = "1.0.9"
source = "registry+https://github.com/rust-lang/crates.io-index"
checksum = "af150ab688ff2122fcef229be89cb50dd66af9e01a4ff320cc137eecc9bacc38"

[[package]]
name = "js-sys"
version = "0.3.65"
source = "registry+https://github.com/rust-lang/crates.io-index"
checksum = "54c0c35952f67de54bb584e9fd912b3023117cbafc0a77d8f3dee1fb5f572fe8"
dependencies = [
 "wasm-bindgen",
]

[[package]]
name = "keccak"
version = "0.1.4"
source = "registry+https://github.com/rust-lang/crates.io-index"
checksum = "8f6d5ed8676d904364de097082f4e7d240b571b67989ced0240f08b7f966f940"
dependencies = [
 "cpufeatures",
]

[[package]]
name = "libc"
version = "0.2.148"
source = "registry+https://github.com/rust-lang/crates.io-index"
checksum = "9cdc71e17332e86d2e1d38c1f99edcb6288ee11b815fb1a4b049eaa2114d369b"

[[package]]
name = "log"
version = "0.4.20"
source = "registry+https://github.com/rust-lang/crates.io-index"
checksum = "b5e6163cb8c49088c2c36f57875e58ccd8c87c7427f7fbd50ea6710b2f3f2e8f"

[[package]]
name = "memchr"
version = "2.6.3"
source = "registry+https://github.com/rust-lang/crates.io-index"
checksum = "8f232d6ef707e1956a43342693d2a31e72989554d58299d7a88738cc95b0d35c"

[[package]]
name = "merlin"
version = "3.0.0"
source = "registry+https://github.com/rust-lang/crates.io-index"
checksum = "58c38e2799fc0978b65dfff8023ec7843e2330bb462f19198840b34b6582397d"
dependencies = [
 "byteorder",
 "keccak",
 "rand_core",
 "zeroize",
]

[[package]]
name = "miniz_oxide"
version = "0.7.1"
source = "registry+https://github.com/rust-lang/crates.io-index"
checksum = "e7810e0be55b428ada41041c41f32c9f1a42817901b4ccf45fa3d4b6561e74c7"
dependencies = [
 "adler",
]

[[package]]
name = "num_cpus"
version = "1.16.0"
source = "registry+https://github.com/rust-lang/crates.io-index"
checksum = "4161fcb6d602d4d2081af7c3a45852d875a03dd337a6bfdd6e06407b61342a43"
dependencies = [
 "hermit-abi",
 "libc",
]

[[package]]
name = "object"
version = "0.32.1"
source = "registry+https://github.com/rust-lang/crates.io-index"
checksum = "9cf5f9dd3933bd50a9e1f149ec995f39ae2c496d31fd772c1fd45ebc27e902b0"
dependencies = [
 "memchr",
]

[[package]]
name = "once_cell"
version = "1.18.0"
source = "registry+https://github.com/rust-lang/crates.io-index"
checksum = "dd8b5dd2ae5ed71462c540258bedcb51965123ad7e7ccf4b9a8cafaa4a63576d"

[[package]]
name = "percent-encoding"
version = "2.3.0"
source = "registry+https://github.com/rust-lang/crates.io-index"
checksum = "9b2a4787296e9989611394c33f193f676704af1686e70b8f8033ab5ba9a35a94"

[[package]]
name = "pin-project"
version = "1.1.3"
source = "registry+https://github.com/rust-lang/crates.io-index"
checksum = "fda4ed1c6c173e3fc7a83629421152e01d7b1f9b7f65fb301e490e8cfc656422"
dependencies = [
 "pin-project-internal",
]

[[package]]
name = "pin-project-internal"
version = "1.1.3"
source = "registry+https://github.com/rust-lang/crates.io-index"
checksum = "4359fd9c9171ec6e8c62926d6faaf553a8dc3f64e1507e76da7911b4f6a04405"
dependencies = [
 "proc-macro2",
 "quote",
 "syn 2.0.36",
]

[[package]]
name = "pin-project-lite"
version = "0.2.13"
source = "registry+https://github.com/rust-lang/crates.io-index"
checksum = "8afb450f006bf6385ca15ef45d71d2288452bc3683ce2e2cacc0d18e4be60b58"

[[package]]
name = "pin-utils"
version = "0.1.0"
source = "registry+https://github.com/rust-lang/crates.io-index"
checksum = "8b870d8c151b6f2fb93e84a13146138f05d02ed11c7e7c54f8826aaaf7c9f184"

[[package]]
name = "pinned"
version = "0.1.0"
source = "registry+https://github.com/rust-lang/crates.io-index"
checksum = "a829027bd95e54cfe13e3e258a1ae7b645960553fb82b75ff852c29688ee595b"
dependencies = [
 "futures",
 "rustversion",
 "thiserror",
]

[[package]]
name = "platforms"
version = "3.1.2"
source = "registry+https://github.com/rust-lang/crates.io-index"
checksum = "4503fa043bf02cee09a9582e9554b4c6403b2ef55e4612e96561d294419429f8"

[[package]]
name = "ppv-lite86"
version = "0.2.17"
source = "registry+https://github.com/rust-lang/crates.io-index"
checksum = "5b40af805b3121feab8a3c29f04d8ad262fa8e0561883e7653e024ae4479e6de"

[[package]]
name = "prettyplease"
version = "0.2.15"
source = "registry+https://github.com/rust-lang/crates.io-index"
checksum = "ae005bd773ab59b4725093fd7df83fd7892f7d8eafb48dbd7de6e024e4215f9d"
dependencies = [
 "proc-macro2",
 "syn 2.0.36",
]

[[package]]
name = "proc-macro-crate"
version = "1.3.1"
source = "registry+https://github.com/rust-lang/crates.io-index"
checksum = "7f4c021e1093a56626774e81216a4ce732a735e5bad4868a03f3ed65ca0c3919"
dependencies = [
 "once_cell",
 "toml_edit 0.19.15",
]

[[package]]
name = "proc-macro-error"
version = "1.0.4"
source = "registry+https://github.com/rust-lang/crates.io-index"
checksum = "da25490ff9892aab3fcf7c36f08cfb902dd3e71ca0f9f9517bea02a73a5ce38c"
dependencies = [
 "proc-macro-error-attr",
 "proc-macro2",
 "quote",
 "syn 1.0.109",
 "version_check",
]

[[package]]
name = "proc-macro-error-attr"
version = "1.0.4"
source = "registry+https://github.com/rust-lang/crates.io-index"
checksum = "a1be40180e52ecc98ad80b184934baf3d0d29f979574e439af5a55274b35f869"
dependencies = [
 "proc-macro2",
 "quote",
 "version_check",
]

[[package]]
name = "proc-macro2"
version = "1.0.67"
source = "registry+https://github.com/rust-lang/crates.io-index"
checksum = "3d433d9f1a3e8c1263d9456598b16fec66f4acc9a74dacffd35c7bb09b3a1328"
dependencies = [
 "unicode-ident",
]

[[package]]
name = "prokio"
version = "0.1.0"
source = "registry+https://github.com/rust-lang/crates.io-index"
checksum = "03b55e106e5791fa5a13abd13c85d6127312e8e09098059ca2bc9b03ca4cf488"
dependencies = [
 "futures",
 "gloo 0.8.1",
 "num_cpus",
 "once_cell",
 "pin-project",
 "pinned",
 "tokio",
 "tokio-stream",
 "wasm-bindgen-futures",
]

[[package]]
name = "quote"
version = "1.0.33"
source = "registry+https://github.com/rust-lang/crates.io-index"
checksum = "5267fca4496028628a95160fc423a33e8b2e6af8a5302579e322e4b520293cae"
dependencies = [
 "proc-macro2",
]

[[package]]
name = "rand"
version = "0.8.5"
source = "registry+https://github.com/rust-lang/crates.io-index"
checksum = "34af8d1a0e25924bc5b7c43c079c942339d8f0a8b57c39049bef581b46327404"
dependencies = [
 "libc",
 "rand_chacha",
 "rand_core",
]

[[package]]
name = "rand_chacha"
version = "0.3.1"
source = "registry+https://github.com/rust-lang/crates.io-index"
checksum = "e6c10a63a0fa32252be49d21e7709d4d4baf8d231c2dbce1eaa8141b9b127d88"
dependencies = [
 "ppv-lite86",
 "rand_core",
]

[[package]]
name = "rand_core"
version = "0.6.4"
source = "registry+https://github.com/rust-lang/crates.io-index"
checksum = "ec0be4795e2f6a28069bec0b5ff3e2ac9bafc99e6a9a7dc3547996c5c816922c"
dependencies = [
 "getrandom",
]

[[package]]
name = "regex"
version = "1.10.2"
source = "registry+https://github.com/rust-lang/crates.io-index"
checksum = "380b951a9c5e80ddfd6136919eef32310721aa4aacd4889a8d39124b026ab343"
dependencies = [
 "aho-corasick",
 "memchr",
 "regex-automata",
 "regex-syntax",
]

[[package]]
name = "regex-automata"
version = "0.4.3"
source = "registry+https://github.com/rust-lang/crates.io-index"
checksum = "5f804c7828047e88b2d32e2d7fe5a105da8ee3264f01902f796c8e067dc2483f"
dependencies = [
 "aho-corasick",
 "memchr",
 "regex-syntax",
]

[[package]]
name = "regex-syntax"
version = "0.8.2"
source = "registry+https://github.com/rust-lang/crates.io-index"
checksum = "c08c74e62047bb2de4ff487b251e4a92e24f48745648451635cec7d591162d9f"

[[package]]
name = "route-recognizer"
version = "0.3.1"
source = "registry+https://github.com/rust-lang/crates.io-index"
checksum = "afab94fb28594581f62d981211a9a4d53cc8130bbcbbb89a0440d9b8e81a7746"

[[package]]
name = "rustc-demangle"
version = "0.1.23"
source = "registry+https://github.com/rust-lang/crates.io-index"
checksum = "d626bb9dae77e28219937af045c257c28bfd3f69333c512553507f5f9798cb76"

[[package]]
name = "rustc_version"
version = "0.4.0"
source = "registry+https://github.com/rust-lang/crates.io-index"
checksum = "bfa0f585226d2e68097d4f95d113b15b83a82e819ab25717ec0590d9584ef366"
dependencies = [
 "semver",
]

[[package]]
name = "rustversion"
version = "1.0.14"
source = "registry+https://github.com/rust-lang/crates.io-index"
checksum = "7ffc183a10b4478d04cbbbfc96d0873219d962dd5accaff2ffbd4ceb7df837f4"

[[package]]
name = "ryu"
version = "1.0.15"
source = "registry+https://github.com/rust-lang/crates.io-index"
checksum = "1ad4cc8da4ef723ed60bced201181d83791ad433213d8c24efffda1eec85d741"

[[package]]
name = "scoped-tls"
version = "1.0.1"
source = "registry+https://github.com/rust-lang/crates.io-index"
checksum = "e1cf6437eb19a8f4a6cc0f7dca544973b0b78843adbfeb3683d1a94a0024a294"

[[package]]
name = "sec1"
version = "0.7.3"
source = "registry+https://github.com/rust-lang/crates.io-index"
checksum = "d3e97a565f76233a6003f9f5c54be1d9c5bdfa3eccfb189469f11ec4901c47dc"
dependencies = [
 "base16ct",
 "der",
 "generic-array",
 "subtle",
 "zeroize",
]

[[package]]
name = "secrecy"
version = "0.8.0"
source = "registry+https://github.com/rust-lang/crates.io-index"
checksum = "9bd1c54ea06cfd2f6b63219704de0b9b4f72dcc2b8fdef820be6cd799780e91e"
dependencies = [
 "zeroize",
]

[[package]]
name = "secret-tree"
version = "0.5.0"
source = "registry+https://github.com/rust-lang/crates.io-index"
checksum = "189a90fff102d7e4c73fc172ed0c56e1100ffeb6b25de4d91f9f7fa4cc2b7681"
dependencies = [
 "blake2",
 "rand",
 "rand_chacha",
 "secrecy",
]

[[package]]
name = "semver"
version = "1.0.18"
source = "registry+https://github.com/rust-lang/crates.io-index"
checksum = "b0293b4b29daaf487284529cc2f5675b8e57c61f70167ba415a463651fd6a918"

[[package]]
name = "serde"
version = "1.0.190"
source = "registry+https://github.com/rust-lang/crates.io-index"
checksum = "91d3c334ca1ee894a2c6f6ad698fe8c435b76d504b13d436f0685d648d6d96f7"
dependencies = [
 "serde_derive",
]

[[package]]
name = "serde-wasm-bindgen"
version = "0.5.0"
source = "registry+https://github.com/rust-lang/crates.io-index"
checksum = "f3b143e2833c57ab9ad3ea280d21fd34e285a42837aeb0ee301f4f41890fa00e"
dependencies = [
 "js-sys",
 "serde",
 "wasm-bindgen",
]

[[package]]
name = "serde-wasm-bindgen"
version = "0.6.1"
source = "registry+https://github.com/rust-lang/crates.io-index"
checksum = "17ba92964781421b6cef36bf0d7da26d201e96d84e1b10e7ae6ed416e516906d"
dependencies = [
 "js-sys",
 "serde",
 "wasm-bindgen",
]

[[package]]
name = "serde_derive"
version = "1.0.190"
source = "registry+https://github.com/rust-lang/crates.io-index"
checksum = "67c5609f394e5c2bd7fc51efda478004ea80ef42fee983d5c67a65e34f32c0e3"
dependencies = [
 "proc-macro2",
 "quote",
 "syn 2.0.36",
]

[[package]]
name = "serde_json"
version = "1.0.108"
source = "registry+https://github.com/rust-lang/crates.io-index"
checksum = "3d1c7e3eac408d115102c4c24ad393e0821bb3a5df4d506a80f85f7a742a526b"
dependencies = [
 "itoa",
 "ryu",
 "serde",
]

[[package]]
name = "serde_spanned"
version = "0.6.3"
source = "registry+https://github.com/rust-lang/crates.io-index"
checksum = "96426c9936fd7a0124915f9185ea1d20aa9445cc9821142f0a73bc9207a2e186"
dependencies = [
 "serde",
]

[[package]]
name = "serde_urlencoded"
version = "0.7.1"
source = "registry+https://github.com/rust-lang/crates.io-index"
checksum = "d3491c14715ca2294c4d6a88f15e84739788c1d030eed8c110436aafdaa2f3fd"
dependencies = [
 "form_urlencoded",
 "itoa",
 "ryu",
 "serde",
]

[[package]]
name = "sha2"
version = "0.10.8"
source = "registry+https://github.com/rust-lang/crates.io-index"
checksum = "793db75ad2bcafc3ffa7c68b215fee268f537982cd901d132f89c6343f3a3dc8"
dependencies = [
 "cfg-if",
 "cpufeatures",
 "digest",
]

[[package]]
name = "slab"
version = "0.4.9"
source = "registry+https://github.com/rust-lang/crates.io-index"
checksum = "8f92a496fb766b417c996b9c5e57daf2f7ad3b0bebe1ccfca4856390e3d3bb67"
dependencies = [
 "autocfg",
]

[[package]]
name = "subtle"
version = "2.5.0"
source = "registry+https://github.com/rust-lang/crates.io-index"
checksum = "81cdd64d312baedb58e21336b31bc043b77e01cc99033ce76ef539f78e965ebc"

[[package]]
name = "syn"
version = "1.0.109"
source = "registry+https://github.com/rust-lang/crates.io-index"
checksum = "72b64191b275b66ffe2469e8af2c1cfe3bafa67b529ead792a6d0160888b4237"
dependencies = [
 "proc-macro2",
 "unicode-ident",
]

[[package]]
name = "syn"
version = "2.0.36"
source = "registry+https://github.com/rust-lang/crates.io-index"
checksum = "91e02e55d62894af2a08aca894c6577281f76769ba47c94d5756bec8ac6e7373"
dependencies = [
 "proc-macro2",
 "quote",
 "unicode-ident",
]

[[package]]
name = "thiserror"
version = "1.0.48"
source = "registry+https://github.com/rust-lang/crates.io-index"
checksum = "9d6d7a740b8a666a7e828dd00da9c0dc290dff53154ea77ac109281de90589b7"
dependencies = [
 "thiserror-impl",
]

[[package]]
name = "thiserror-impl"
version = "1.0.48"
source = "registry+https://github.com/rust-lang/crates.io-index"
checksum = "49922ecae66cc8a249b77e68d1d0623c1b2c514f0060c27cdc68bd62a1219d35"
dependencies = [
 "proc-macro2",
 "quote",
 "syn 2.0.36",
]

[[package]]
name = "tokio"
version = "1.32.0"
source = "registry+https://github.com/rust-lang/crates.io-index"
checksum = "17ed6077ed6cd6c74735e21f37eb16dc3935f96878b1fe961074089cc80893f9"
dependencies = [
 "backtrace",
 "pin-project-lite",
]

[[package]]
name = "tokio-stream"
version = "0.1.14"
source = "registry+https://github.com/rust-lang/crates.io-index"
checksum = "397c988d37662c7dda6d2208364a706264bf3d6138b11d436cbac0ad38832842"
dependencies = [
 "futures-core",
 "pin-project-lite",
 "tokio",
]

[[package]]
name = "toml"
version = "0.8.2"
source = "registry+https://github.com/rust-lang/crates.io-index"
checksum = "185d8ab0dfbb35cf1399a6344d8484209c088f75f8f68230da55d48d95d43e3d"
dependencies = [
 "serde",
 "serde_spanned",
 "toml_datetime",
 "toml_edit 0.20.2",
]

[[package]]
name = "toml_datetime"
version = "0.6.3"
source = "registry+https://github.com/rust-lang/crates.io-index"
checksum = "7cda73e2f1397b1262d6dfdcef8aafae14d1de7748d66822d3bfeeb6d03e5e4b"
dependencies = [
 "serde",
]

[[package]]
name = "toml_edit"
version = "0.19.15"
source = "registry+https://github.com/rust-lang/crates.io-index"
checksum = "1b5bb770da30e5cbfde35a2d7b9b8a2c4b8ef89548a7a6aeab5c9a576e3e7421"
dependencies = [
 "indexmap",
 "toml_datetime",
 "winnow",
]

[[package]]
name = "toml_edit"
version = "0.20.2"
source = "registry+https://github.com/rust-lang/crates.io-index"
checksum = "396e4d48bbb2b7554c944bde63101b5ae446cff6ec4a24227428f15eb72ef338"
dependencies = [
 "indexmap",
 "serde",
 "serde_spanned",
 "toml_datetime",
 "winnow",
]

[[package]]
name = "tracing"
version = "0.1.37"
source = "registry+https://github.com/rust-lang/crates.io-index"
checksum = "8ce8c33a8d48bd45d624a6e523445fd21ec13d3653cd51f681abf67418f54eb8"
dependencies = [
 "cfg-if",
 "pin-project-lite",
 "tracing-attributes",
 "tracing-core",
]

[[package]]
name = "tracing-attributes"
version = "0.1.26"
source = "registry+https://github.com/rust-lang/crates.io-index"
checksum = "5f4f31f56159e98206da9efd823404b79b6ef3143b4a7ab76e67b1751b25a4ab"
dependencies = [
 "proc-macro2",
 "quote",
 "syn 2.0.36",
]

[[package]]
name = "tracing-core"
version = "0.1.31"
source = "registry+https://github.com/rust-lang/crates.io-index"
checksum = "0955b8137a1df6f1a2e9a37d8a6656291ff0297c1a97c24e0d8425fe2312f79a"
dependencies = [
 "once_cell",
]

[[package]]
name = "typenum"
version = "1.17.0"
source = "registry+https://github.com/rust-lang/crates.io-index"
checksum = "42ff0bf0c66b8238c6f3b578df37d0b7848e55df8577b3f74f92a69acceeb825"

[[package]]
name = "unicode-ident"
version = "1.0.12"
source = "registry+https://github.com/rust-lang/crates.io-index"
checksum = "3354b9ac3fae1ff6755cb6db53683adb661634f67557942dea4facebec0fee4b"

[[package]]
name = "urlencoding"
version = "2.1.3"
source = "registry+https://github.com/rust-lang/crates.io-index"
checksum = "daf8dba3b7eb870caf1ddeed7bc9d2a049f3cfdfae7cb521b087cc33ae4c49da"

[[package]]
name = "version_check"
version = "0.9.4"
source = "registry+https://github.com/rust-lang/crates.io-index"
checksum = "49874b5167b65d7193b8aba1567f5c7d93d001cafc34600cee003eda787e483f"

[[package]]
name = "wasi"
version = "0.11.0+wasi-snapshot-preview1"
source = "registry+https://github.com/rust-lang/crates.io-index"
checksum = "9c8d87e72b64a3b4db28d11ce29237c246188f4f51057d65a7eab63b7987e423"

[[package]]
name = "wasm-bindgen"
version = "0.2.88"
source = "registry+https://github.com/rust-lang/crates.io-index"
checksum = "7daec296f25a1bae309c0cd5c29c4b260e510e6d813c286b19eaadf409d40fce"
dependencies = [
 "cfg-if",
 "wasm-bindgen-macro",
]

[[package]]
name = "wasm-bindgen-backend"
version = "0.2.88"
source = "registry+https://github.com/rust-lang/crates.io-index"
checksum = "e397f4664c0e4e428e8313a469aaa58310d302159845980fd23b0f22a847f217"
dependencies = [
 "bumpalo",
 "log",
 "once_cell",
 "proc-macro2",
 "quote",
 "syn 2.0.36",
 "wasm-bindgen-shared",
]

[[package]]
name = "wasm-bindgen-futures"
version = "0.4.38"
source = "registry+https://github.com/rust-lang/crates.io-index"
checksum = "9afec9963e3d0994cac82455b2b3502b81a7f40f9a0d32181f7528d9f4b43e02"
dependencies = [
 "cfg-if",
 "js-sys",
 "wasm-bindgen",
 "web-sys",
]

[[package]]
name = "wasm-bindgen-macro"
version = "0.2.88"
source = "registry+https://github.com/rust-lang/crates.io-index"
checksum = "5961017b3b08ad5f3fe39f1e79877f8ee7c23c5e5fd5eb80de95abc41f1f16b2"
dependencies = [
 "quote",
 "wasm-bindgen-macro-support",
]

[[package]]
name = "wasm-bindgen-macro-support"
version = "0.2.88"
source = "registry+https://github.com/rust-lang/crates.io-index"
checksum = "c5353b8dab669f5e10f5bd76df26a9360c748f054f862ff5f3f8aae0c7fb3907"
dependencies = [
 "proc-macro2",
 "quote",
 "syn 2.0.36",
 "wasm-bindgen-backend",
 "wasm-bindgen-shared",
]

[[package]]
name = "wasm-bindgen-shared"
version = "0.2.88"
source = "registry+https://github.com/rust-lang/crates.io-index"
checksum = "0d046c5d029ba91a1ed14da14dca44b68bf2f124cfbaf741c54151fdb3e0750b"

[[package]]
name = "wasm-bindgen-test"
version = "0.3.38"
source = "registry+https://github.com/rust-lang/crates.io-index"
checksum = "c6433b7c56db97397842c46b67e11873eda263170afeb3a2dc74a7cb370fee0d"
dependencies = [
 "console_error_panic_hook",
 "js-sys",
 "scoped-tls",
 "wasm-bindgen",
 "wasm-bindgen-futures",
 "wasm-bindgen-test-macro",
]

[[package]]
name = "wasm-bindgen-test-macro"
version = "0.3.38"
source = "registry+https://github.com/rust-lang/crates.io-index"
checksum = "493fcbab756bb764fa37e6bee8cec2dd709eb4273d06d0c282a5e74275ded735"
dependencies = [
 "proc-macro2",
 "quote",
 "syn 2.0.36",
]

[[package]]
name = "web-sys"
version = "0.3.65"
source = "registry+https://github.com/rust-lang/crates.io-index"
checksum = "5db499c5f66323272151db0e666cd34f78617522fb0c1604d31a27c50c206a85"
dependencies = [
 "js-sys",
 "wasm-bindgen",
]

[[package]]
name = "winnow"
version = "0.5.15"
source = "registry+https://github.com/rust-lang/crates.io-index"
checksum = "7c2e3184b9c4e92ad5167ca73039d0c42476302ab603e2fec4487511f38ccefc"
dependencies = [
 "memchr",
]

[[package]]
name = "yew"
version = "0.21.0"
source = "registry+https://github.com/rust-lang/crates.io-index"
checksum = "5f1a03f255c70c7aa3e9c62e15292f142ede0564123543c1cc0c7a4f31660cac"
dependencies = [
 "console_error_panic_hook",
 "futures",
 "gloo 0.10.0",
 "implicit-clone",
 "indexmap",
 "js-sys",
 "prokio",
 "rustversion",
 "serde",
 "slab",
 "thiserror",
 "tokio",
 "tracing",
 "wasm-bindgen",
 "wasm-bindgen-futures",
 "web-sys",
 "yew-macro",
]

[[package]]
name = "yew-macro"
version = "0.21.0"
source = "registry+https://github.com/rust-lang/crates.io-index"
checksum = "02fd8ca5166d69e59f796500a2ce432ff751edecbbb308ca59fd3fe4d0343de2"
dependencies = [
 "boolinator",
 "once_cell",
 "prettyplease",
 "proc-macro-error",
 "proc-macro2",
 "quote",
 "syn 2.0.36",
]

[[package]]
name = "yew-router"
version = "0.18.0"
source = "registry+https://github.com/rust-lang/crates.io-index"
checksum = "4ca1d5052c96e6762b4d6209a8aded597758d442e6c479995faf0c7b5538e0c6"
dependencies = [
 "gloo 0.10.0",
 "js-sys",
 "route-recognizer",
 "serde",
 "serde_urlencoded",
 "tracing",
 "urlencoding",
 "wasm-bindgen",
 "web-sys",
 "yew",
 "yew-router-macro",
]

[[package]]
name = "yew-router-macro"
version = "0.18.0"
source = "registry+https://github.com/rust-lang/crates.io-index"
checksum = "42bfd190a07ca8cfde7cd4c52b3ac463803dc07323db8c34daa697e86365978c"
dependencies = [
 "proc-macro2",
 "quote",
 "syn 2.0.36",
]

[[package]]
name = "zeroize"
version = "1.6.0"
source = "registry+https://github.com/rust-lang/crates.io-index"
checksum = "2a0956f1ba7c7909bfb66c2e9e4124ab6f6482560f6628b5aaeba39207c9aad9"
dependencies = [
 "zeroize_derive",
]

[[package]]
name = "zeroize_derive"
version = "1.4.2"
source = "registry+https://github.com/rust-lang/crates.io-index"
checksum = "ce36e65b0d2999d2aafac989fb249189a141aee1f53c612c1f37d72631959f69"
dependencies = [
 "proc-macro2",
 "quote",
 "syn 2.0.36",
]
